{
  "name": "1px-art",
  "version": "1.0.0",
  "lockfileVersion": 2,
  "requires": true,
  "packages": {
    "": {
      "name": "1px-art",
      "version": "1.0.0",
      "license": "MIT",
      "dependencies": {
        "next": "^12.2.5",
        "react": "^18.2.0",
        "react-dom": "^18.2.0"
      }
    },
    "node_modules/@next/env": {
      "version": "12.2.5",
      "resolved": "https://repo.dev.wixpress.com/artifactory/api/npm/npm-repos/@next/env/-/env-12.2.5.tgz",
      "integrity": "sha1-2QjFezUmK5TbPkMehptyrD4a0+M=",
      "license": "MIT"
    },
    "node_modules/@next/swc-android-arm-eabi": {
      "version": "12.2.5",
      "resolved": "https://repo.dev.wixpress.com/artifactory/api/npm/npm-repos/@next/swc-android-arm-eabi/-/swc-android-arm-eabi-12.2.5.tgz",
      "integrity": "sha1-kDpUeatMJwXZwI0ICQdHX3us+U0=",
      "cpu": [
        "arm"
      ],
      "license": "MIT",
      "optional": true,
      "os": [
        "android"
      ],
      "engines": {
        "node": ">= 10"
      }
    },
    "node_modules/@next/swc-android-arm64": {
      "version": "12.2.5",
      "resolved": "https://repo.dev.wixpress.com/artifactory/api/npm/npm-repos/@next/swc-android-arm64/-/swc-android-arm64-12.2.5.tgz",
      "integrity": "sha1-L5qY7EFmx4YFEJY7Mb2h9Xp3x5I=",
      "cpu": [
        "arm64"
      ],
      "license": "MIT",
      "optional": true,
      "os": [
        "android"
      ],
      "engines": {
        "node": ">= 10"
      }
    },
    "node_modules/@next/swc-darwin-arm64": {
      "version": "12.2.5",
      "resolved": "https://repo.dev.wixpress.com/artifactory/api/npm/npm-repos/@next/swc-darwin-arm64/-/swc-darwin-arm64-12.2.5.tgz",
      "integrity": "sha1-MbHDxlnVS+VGEgxIih4brSHCSh0=",
      "cpu": [
        "arm64"
      ],
      "license": "MIT",
      "optional": true,
      "os": [
        "darwin"
      ],
      "engines": {
        "node": ">= 10"
      }
    },
    "node_modules/@next/swc-darwin-x64": {
      "version": "12.2.5",
      "resolved": "https://repo.dev.wixpress.com/artifactory/api/npm/npm-repos/@next/swc-darwin-x64/-/swc-darwin-x64-12.2.5.tgz",
      "integrity": "sha1-LkTdgrK3/viCONG8TTvq1YhM7f0=",
      "cpu": [
        "x64"
      ],
      "license": "MIT",
      "optional": true,
      "os": [
        "darwin"
      ],
      "engines": {
        "node": ">= 10"
      }
    },
    "node_modules/@next/swc-freebsd-x64": {
      "version": "12.2.5",
      "resolved": "https://repo.dev.wixpress.com/artifactory/api/npm/npm-repos/@next/swc-freebsd-x64/-/swc-freebsd-x64-12.2.5.tgz",
      "integrity": "sha1-4k512MJYG/68deTwj23b0RbOnb0=",
      "cpu": [
        "x64"
      ],
      "license": "MIT",
      "optional": true,
      "os": [
        "freebsd"
      ],
      "engines": {
        "node": ">= 10"
      }
    },
    "node_modules/@next/swc-linux-arm-gnueabihf": {
      "version": "12.2.5",
      "resolved": "https://repo.dev.wixpress.com/artifactory/api/npm/npm-repos/@next/swc-linux-arm-gnueabihf/-/swc-linux-arm-gnueabihf-12.2.5.tgz",
      "integrity": "sha1-RtjFFNg00rX2cIYBPwvV4wgeELk=",
      "cpu": [
        "arm"
      ],
      "license": "MIT",
      "optional": true,
      "os": [
        "linux"
      ],
      "engines": {
        "node": ">= 10"
      }
    },
    "node_modules/@next/swc-linux-arm64-gnu": {
      "version": "12.2.5",
      "resolved": "https://repo.dev.wixpress.com/artifactory/api/npm/npm-repos/@next/swc-linux-arm64-gnu/-/swc-linux-arm64-gnu-12.2.5.tgz",
      "integrity": "sha1-kfclrCF9Oh9Pn1O1U2FbpYL9PZ8=",
      "cpu": [
        "arm64"
      ],
      "license": "MIT",
      "optional": true,
      "os": [
        "linux"
      ],
      "engines": {
        "node": ">= 10"
      }
    },
    "node_modules/@next/swc-linux-arm64-musl": {
      "version": "12.2.5",
      "resolved": "https://repo.dev.wixpress.com/artifactory/api/npm/npm-repos/@next/swc-linux-arm64-musl/-/swc-linux-arm64-musl-12.2.5.tgz",
      "integrity": "sha1-5ifoyGeSCZWBAlAwPNm46WNZg4M=",
      "cpu": [
        "arm64"
      ],
      "license": "MIT",
      "optional": true,
      "os": [
        "linux"
      ],
      "engines": {
        "node": ">= 10"
      }
    },
    "node_modules/@next/swc-linux-x64-gnu": {
      "version": "12.2.5",
      "resolved": "https://repo.dev.wixpress.com/artifactory/api/npm/npm-repos/@next/swc-linux-x64-gnu/-/swc-linux-x64-gnu-12.2.5.tgz",
      "integrity": "sha1-g6XiJPvE0RnvLg8p0NecQMxDiH4=",
      "cpu": [
        "x64"
      ],
      "license": "MIT",
      "optional": true,
      "os": [
        "linux"
      ],
      "engines": {
        "node": ">= 10"
      }
    },
    "node_modules/@next/swc-linux-x64-musl": {
      "version": "12.2.5",
      "resolved": "https://repo.dev.wixpress.com/artifactory/api/npm/npm-repos/@next/swc-linux-x64-musl/-/swc-linux-x64-musl-12.2.5.tgz",
      "integrity": "sha1-vnANSEcbqsHsLpU5OWYlWEoxfpU=",
      "cpu": [
        "x64"
      ],
      "license": "MIT",
      "optional": true,
      "os": [
        "linux"
      ],
      "engines": {
        "node": ">= 10"
      }
    },
    "node_modules/@next/swc-win32-arm64-msvc": {
      "version": "12.2.5",
      "resolved": "https://repo.dev.wixpress.com/artifactory/api/npm/npm-repos/@next/swc-win32-arm64-msvc/-/swc-win32-arm64-msvc-12.2.5.tgz",
      "integrity": "sha1-qT6VgTOtMxA3P9ozp5qhCvKgqpc=",
      "cpu": [
        "arm64"
      ],
      "license": "MIT",
      "optional": true,
      "os": [
        "win32"
      ],
      "engines": {
        "node": ">= 10"
      }
    },
    "node_modules/@next/swc-win32-ia32-msvc": {
      "version": "12.2.5",
      "resolved": "https://repo.dev.wixpress.com/artifactory/api/npm/npm-repos/@next/swc-win32-ia32-msvc/-/swc-win32-ia32-msvc-12.2.5.tgz",
      "integrity": "sha1-T197oKmP+JqINiXUrwEluu2LLhk=",
      "cpu": [
        "ia32"
      ],
      "license": "MIT",
      "optional": true,
      "os": [
        "win32"
      ],
      "engines": {
        "node": ">= 10"
      }
    },
    "node_modules/@next/swc-win32-x64-msvc": {
      "version": "12.2.5",
      "resolved": "https://repo.dev.wixpress.com/artifactory/api/npm/npm-repos/@next/swc-win32-x64-msvc/-/swc-win32-x64-msvc-12.2.5.tgz",
      "integrity": "sha1-IP7RKbBKDT9jLG0N4TU0W7YjseQ=",
      "cpu": [
        "x64"
      ],
      "license": "MIT",
      "optional": true,
      "os": [
        "win32"
      ],
      "engines": {
        "node": ">= 10"
      }
    },
    "node_modules/@swc/helpers": {
      "version": "0.4.3",
      "resolved": "https://repo.dev.wixpress.com/artifactory/api/npm/npm-repos/@swc/helpers/-/helpers-0.4.3.tgz",
      "integrity": "sha1-Flk9/CSMU7aZ1LUCYED4jdtJcBI=",
      "license": "MIT",
      "dependencies": {
        "tslib": "^2.4.0"
      }
    },
    "node_modules/caniuse-lite": {
      "version": "1.0.30001390",
      "resolved": "https://repo.dev.wixpress.com/artifactory/api/npm/npm-repos/caniuse-lite/-/caniuse-lite-1.0.30001390.tgz",
      "integrity": "sha1-FYpDAR5waO9/xzWQ6f2Rp87OXn8=",
      "funding": [
        {
          "type": "opencollective",
          "url": "https://opencollective.com/browserslist"
        },
        {
          "type": "tidelift",
          "url": "https://tidelift.com/funding/github/npm/caniuse-lite"
        }
      ],
      "license": "CC-BY-4.0"
    },
    "node_modules/js-tokens": {
      "version": "4.0.0",
      "resolved": "https://repo.dev.wixpress.com/artifactory/api/npm/npm-repos/js-tokens/-/js-tokens-4.0.0.tgz",
      "integrity": "sha1-GSA/tZmR35jjoocFDUZHzerzJJk=",
      "license": "MIT"
    },
    "node_modules/loose-envify": {
      "version": "1.4.0",
      "resolved": "https://repo.dev.wixpress.com/artifactory/api/npm/npm-repos/loose-envify/-/loose-envify-1.4.0.tgz",
      "integrity": "sha1-ce5R+nvkyuwaY4OffmgtgTLTDK8=",
      "license": "MIT",
      "dependencies": {
        "js-tokens": "^3.0.0 || ^4.0.0"
      },
      "bin": {
        "loose-envify": "cli.js"
      }
    },
    "node_modules/nanoid": {
      "version": "3.3.4",
      "resolved": "https://repo.dev.wixpress.com/artifactory/api/npm/npm-repos/nanoid/-/nanoid-3.3.4.tgz",
      "integrity": "sha1-cwtn480J4t6s8DwCfIHJ2dvF6Ks=",
      "license": "MIT",
      "bin": {
        "nanoid": "bin/nanoid.cjs"
      },
      "engines": {
        "node": "^10 || ^12 || ^13.7 || ^14 || >=15.0.1"
      }
    },
    "node_modules/next": {
      "version": "12.2.5",
      "resolved": "https://repo.dev.wixpress.com/artifactory/api/npm/npm-repos/next/-/next-12.2.5.tgz",
      "integrity": "sha1-FPtZdeiEH60JVTuO9B/hOTYCtxc=",
      "license": "MIT",
      "dependencies": {
        "@next/env": "12.2.5",
        "@swc/helpers": "0.4.3",
        "caniuse-lite": "^1.0.30001332",
        "postcss": "8.4.14",
        "styled-jsx": "5.0.4",
        "use-sync-external-store": "1.2.0"
      },
      "bin": {
        "next": "dist/bin/next"
      },
      "engines": {
        "node": ">=12.22.0"
      },
      "optionalDependencies": {
        "@next/swc-android-arm-eabi": "12.2.5",
        "@next/swc-android-arm64": "12.2.5",
        "@next/swc-darwin-arm64": "12.2.5",
        "@next/swc-darwin-x64": "12.2.5",
        "@next/swc-freebsd-x64": "12.2.5",
        "@next/swc-linux-arm-gnueabihf": "12.2.5",
        "@next/swc-linux-arm64-gnu": "12.2.5",
        "@next/swc-linux-arm64-musl": "12.2.5",
        "@next/swc-linux-x64-gnu": "12.2.5",
        "@next/swc-linux-x64-musl": "12.2.5",
        "@next/swc-win32-arm64-msvc": "12.2.5",
        "@next/swc-win32-ia32-msvc": "12.2.5",
        "@next/swc-win32-x64-msvc": "12.2.5"
      },
      "peerDependencies": {
        "fibers": ">= 3.1.0",
        "node-sass": "^6.0.0 || ^7.0.0",
        "react": "^17.0.2 || ^18.0.0-0",
        "react-dom": "^17.0.2 || ^18.0.0-0",
        "sass": "^1.3.0"
      },
      "peerDependenciesMeta": {
        "fibers": {
          "optional": true
        },
        "node-sass": {
          "optional": true
        },
        "sass": {
          "optional": true
        }
      }
    },
    "node_modules/picocolors": {
      "version": "1.0.0",
      "resolved": "https://repo.dev.wixpress.com/artifactory/api/npm/npm-repos/picocolors/-/picocolors-1.0.0.tgz",
      "integrity": "sha1-y1vcdP8/UYkiNur3nWi8RFZKuBw=",
      "license": "ISC"
    },
    "node_modules/postcss": {
      "version": "8.4.14",
      "resolved": "https://repo.dev.wixpress.com/artifactory/api/npm/npm-repos/postcss/-/postcss-8.4.14.tgz",
      "integrity": "sha1-7pJ01WIrSFjBAHp0125C5W/SHK8=",
      "funding": [
        {
          "type": "opencollective",
          "url": "https://opencollective.com/postcss/"
        },
        {
          "type": "tidelift",
          "url": "https://tidelift.com/funding/github/npm/postcss"
        }
      ],
      "license": "MIT",
      "dependencies": {
        "nanoid": "^3.3.4",
        "picocolors": "^1.0.0",
        "source-map-js": "^1.0.2"
      },
      "engines": {
        "node": "^10 || ^12 || >=14"
      }
    },
    "node_modules/react": {
      "version": "18.2.0",
      "resolved": "https://repo.dev.wixpress.com/artifactory/api/npm/npm-repos/react/-/react-18.2.0.tgz",
      "integrity": "sha1-VVvZhZKIMlX6AN4U8RUakXtdd9U=",
      "license": "MIT",
      "dependencies": {
        "loose-envify": "^1.1.0"
      },
      "engines": {
        "node": ">=0.10.0"
      }
    },
    "node_modules/react-dom": {
      "version": "18.2.0",
      "resolved": "https://repo.dev.wixpress.com/artifactory/api/npm/npm-repos/react-dom/-/react-dom-18.2.0.tgz",
      "integrity": "sha1-IqrzhwjbJnTtmtoiTKSqcI2CHj0=",
      "license": "MIT",
      "dependencies": {
        "loose-envify": "^1.1.0",
        "scheduler": "^0.23.0"
      },
      "peerDependencies": {
        "react": "^18.2.0"
      }
    },
    "node_modules/scheduler": {
      "version": "0.23.0",
      "resolved": "https://repo.dev.wixpress.com/artifactory/api/npm/npm-repos/scheduler/-/scheduler-0.23.0.tgz",
      "integrity": "sha1-uoBBr8PTDrIGpIe2s4QALk5h/f4=",
      "license": "MIT",
      "dependencies": {
        "loose-envify": "^1.1.0"
      }
    },
    "node_modules/source-map-js": {
      "version": "1.0.2",
      "resolved": "https://repo.dev.wixpress.com/artifactory/api/npm/npm-repos/source-map-js/-/source-map-js-1.0.2.tgz",
      "integrity": "sha1-rbw2HZxi3zgBJefxYfccgm8eSQw=",
      "license": "BSD-3-Clause",
      "engines": {
        "node": ">=0.10.0"
      }
    },
    "node_modules/styled-jsx": {
      "version": "5.0.4",
      "resolved": "https://repo.dev.wixpress.com/artifactory/api/npm/npm-repos/styled-jsx/-/styled-jsx-5.0.4.tgz",
      "integrity": "sha1-WxvQuatEyq490TYSlVWXBuBEqlM=",
      "license": "MIT",
      "engines": {
        "node": ">= 12.0.0"
      },
      "peerDependencies": {
        "react": ">= 16.8.0 || 17.x.x || ^18.0.0-0"
      },
      "peerDependenciesMeta": {
        "@babel/core": {
          "optional": true
        },
        "babel-plugin-macros": {
          "optional": true
        }
      }
    },
    "node_modules/tslib": {
      "version": "2.4.0",
      "resolved": "https://repo.dev.wixpress.com/artifactory/api/npm/npm-repos/tslib/-/tslib-2.4.0.tgz",
      "integrity": "sha1-fOyqfwc85oCgWEeqd76UEJjzbcM=",
      "license": "0BSD"
    },
    "node_modules/use-sync-external-store": {
      "version": "1.2.0",
      "resolved": "https://repo.dev.wixpress.com/artifactory/api/npm/npm-repos/use-sync-external-store/-/use-sync-external-store-1.2.0.tgz",
      "integrity": "sha1-fb79bvP+TnZ6DPXXKHqs+1hGkoo=",
      "license": "MIT",
      "peerDependencies": {
        "react": "^16.8.0 || ^17.0.0 || ^18.0.0"
      }
    }
  },
  "dependencies": {
    "@next/env": {
      "version": "12.2.5",
      "resolved": "https://repo.dev.wixpress.com/artifactory/api/npm/npm-repos/@next/env/-/env-12.2.5.tgz",
      "integrity": "sha1-2QjFezUmK5TbPkMehptyrD4a0+M="
    },
    "@next/swc-android-arm-eabi": {
      "version": "12.2.5",
      "resolved": "https://repo.dev.wixpress.com/artifactory/api/npm/npm-repos/@next/swc-android-arm-eabi/-/swc-android-arm-eabi-12.2.5.tgz",
      "integrity": "sha1-kDpUeatMJwXZwI0ICQdHX3us+U0=",
      "optional": true
    },
    "@next/swc-android-arm64": {
      "version": "12.2.5",
      "resolved": "https://repo.dev.wixpress.com/artifactory/api/npm/npm-repos/@next/swc-android-arm64/-/swc-android-arm64-12.2.5.tgz",
      "integrity": "sha1-L5qY7EFmx4YFEJY7Mb2h9Xp3x5I=",
      "optional": true
    },
    "@next/swc-darwin-arm64": {
      "version": "12.2.5",
      "resolved": "https://repo.dev.wixpress.com/artifactory/api/npm/npm-repos/@next/swc-darwin-arm64/-/swc-darwin-arm64-12.2.5.tgz",
      "integrity": "sha1-MbHDxlnVS+VGEgxIih4brSHCSh0=",
      "optional": true
    },
    "@next/swc-darwin-x64": {
      "version": "12.2.5",
      "resolved": "https://repo.dev.wixpress.com/artifactory/api/npm/npm-repos/@next/swc-darwin-x64/-/swc-darwin-x64-12.2.5.tgz",
      "integrity": "sha1-LkTdgrK3/viCONG8TTvq1YhM7f0=",
      "optional": true
    },
    "@next/swc-freebsd-x64": {
      "version": "12.2.5",
      "resolved": "https://repo.dev.wixpress.com/artifactory/api/npm/npm-repos/@next/swc-freebsd-x64/-/swc-freebsd-x64-12.2.5.tgz",
      "integrity": "sha1-4k512MJYG/68deTwj23b0RbOnb0=",
      "optional": true
    },
    "@next/swc-linux-arm-gnueabihf": {
      "version": "12.2.5",
      "resolved": "https://repo.dev.wixpress.com/artifactory/api/npm/npm-repos/@next/swc-linux-arm-gnueabihf/-/swc-linux-arm-gnueabihf-12.2.5.tgz",
      "integrity": "sha1-RtjFFNg00rX2cIYBPwvV4wgeELk=",
      "optional": true
    },
    "@next/swc-linux-arm64-gnu": {
      "version": "12.2.5",
      "resolved": "https://repo.dev.wixpress.com/artifactory/api/npm/npm-repos/@next/swc-linux-arm64-gnu/-/swc-linux-arm64-gnu-12.2.5.tgz",
      "integrity": "sha1-kfclrCF9Oh9Pn1O1U2FbpYL9PZ8=",
      "optional": true
    },
    "@next/swc-linux-arm64-musl": {
      "version": "12.2.5",
      "resolved": "https://repo.dev.wixpress.com/artifactory/api/npm/npm-repos/@next/swc-linux-arm64-musl/-/swc-linux-arm64-musl-12.2.5.tgz",
      "integrity": "sha1-5ifoyGeSCZWBAlAwPNm46WNZg4M=",
      "optional": true
    },
    "@next/swc-linux-x64-gnu": {
      "version": "12.2.5",
      "resolved": "https://repo.dev.wixpress.com/artifactory/api/npm/npm-repos/@next/swc-linux-x64-gnu/-/swc-linux-x64-gnu-12.2.5.tgz",
      "integrity": "sha1-g6XiJPvE0RnvLg8p0NecQMxDiH4=",
      "optional": true
    },
    "@next/swc-linux-x64-musl": {
      "version": "12.2.5",
      "resolved": "https://repo.dev.wixpress.com/artifactory/api/npm/npm-repos/@next/swc-linux-x64-musl/-/swc-linux-x64-musl-12.2.5.tgz",
      "integrity": "sha1-vnANSEcbqsHsLpU5OWYlWEoxfpU=",
      "optional": true
    },
    "@next/swc-win32-arm64-msvc": {
      "version": "12.2.5",
      "resolved": "https://repo.dev.wixpress.com/artifactory/api/npm/npm-repos/@next/swc-win32-arm64-msvc/-/swc-win32-arm64-msvc-12.2.5.tgz",
      "integrity": "sha1-qT6VgTOtMxA3P9ozp5qhCvKgqpc=",
      "optional": true
    },
    "@next/swc-win32-ia32-msvc": {
      "version": "12.2.5",
      "resolved": "https://repo.dev.wixpress.com/artifactory/api/npm/npm-repos/@next/swc-win32-ia32-msvc/-/swc-win32-ia32-msvc-12.2.5.tgz",
      "integrity": "sha1-T197oKmP+JqINiXUrwEluu2LLhk=",
      "optional": true
    },
    "@next/swc-win32-x64-msvc": {
      "version": "12.2.5",
      "resolved": "https://repo.dev.wixpress.com/artifactory/api/npm/npm-repos/@next/swc-win32-x64-msvc/-/swc-win32-x64-msvc-12.2.5.tgz",
      "integrity": "sha1-IP7RKbBKDT9jLG0N4TU0W7YjseQ=",
      "optional": true
    },
    "@swc/helpers": {
      "version": "0.4.3",
      "resolved": "https://repo.dev.wixpress.com/artifactory/api/npm/npm-repos/@swc/helpers/-/helpers-0.4.3.tgz",
      "integrity": "sha1-Flk9/CSMU7aZ1LUCYED4jdtJcBI=",
      "requires": {
        "tslib": "^2.4.0"
      }
    },
    "caniuse-lite": {
      "version": "1.0.30001390",
      "resolved": "https://repo.dev.wixpress.com/artifactory/api/npm/npm-repos/caniuse-lite/-/caniuse-lite-1.0.30001390.tgz",
      "integrity": "sha1-FYpDAR5waO9/xzWQ6f2Rp87OXn8="
    },
    "js-tokens": {
      "version": "4.0.0",
      "resolved": "https://repo.dev.wixpress.com/artifactory/api/npm/npm-repos/js-tokens/-/js-tokens-4.0.0.tgz",
      "integrity": "sha1-GSA/tZmR35jjoocFDUZHzerzJJk="
    },
    "loose-envify": {
      "version": "1.4.0",
      "resolved": "https://repo.dev.wixpress.com/artifactory/api/npm/npm-repos/loose-envify/-/loose-envify-1.4.0.tgz",
      "integrity": "sha1-ce5R+nvkyuwaY4OffmgtgTLTDK8=",
      "requires": {
        "js-tokens": "^3.0.0 || ^4.0.0"
      }
    },
    "nanoid": {
      "version": "3.3.4",
      "resolved": "https://repo.dev.wixpress.com/artifactory/api/npm/npm-repos/nanoid/-/nanoid-3.3.4.tgz",
      "integrity": "sha1-cwtn480J4t6s8DwCfIHJ2dvF6Ks="
    },
    "next": {
      "version": "12.2.5",
      "resolved": "https://repo.dev.wixpress.com/artifactory/api/npm/npm-repos/next/-/next-12.2.5.tgz",
      "integrity": "sha1-FPtZdeiEH60JVTuO9B/hOTYCtxc=",
      "requires": {
        "@next/env": "12.2.5",
        "@next/swc-android-arm-eabi": "12.2.5",
        "@next/swc-android-arm64": "12.2.5",
        "@next/swc-darwin-arm64": "12.2.5",
        "@next/swc-darwin-x64": "12.2.5",
        "@next/swc-freebsd-x64": "12.2.5",
        "@next/swc-linux-arm-gnueabihf": "12.2.5",
        "@next/swc-linux-arm64-gnu": "12.2.5",
        "@next/swc-linux-arm64-musl": "12.2.5",
        "@next/swc-linux-x64-gnu": "12.2.5",
        "@next/swc-linux-x64-musl": "12.2.5",
        "@next/swc-win32-arm64-msvc": "12.2.5",
        "@next/swc-win32-ia32-msvc": "12.2.5",
        "@next/swc-win32-x64-msvc": "12.2.5",
        "@swc/helpers": "0.4.3",
        "caniuse-lite": "^1.0.30001332",
        "postcss": "8.4.14",
        "styled-jsx": "5.0.4",
        "use-sync-external-store": "1.2.0"
      }
    },
    "picocolors": {
      "version": "1.0.0",
      "resolved": "https://repo.dev.wixpress.com/artifactory/api/npm/npm-repos/picocolors/-/picocolors-1.0.0.tgz",
      "integrity": "sha1-y1vcdP8/UYkiNur3nWi8RFZKuBw="
    },
    "postcss": {
      "version": "8.4.14",
      "resolved": "https://repo.dev.wixpress.com/artifactory/api/npm/npm-repos/postcss/-/postcss-8.4.14.tgz",
      "integrity": "sha1-7pJ01WIrSFjBAHp0125C5W/SHK8=",
      "requires": {
        "nanoid": "^3.3.4",
        "picocolors": "^1.0.0",
        "source-map-js": "^1.0.2"
      }
    },
    "react": {
      "version": "18.2.0",
      "resolved": "https://repo.dev.wixpress.com/artifactory/api/npm/npm-repos/react/-/react-18.2.0.tgz",
      "integrity": "sha1-VVvZhZKIMlX6AN4U8RUakXtdd9U=",
      "requires": {
        "loose-envify": "^1.1.0"
      }
    },
    "react-dom": {
      "version": "18.2.0",
      "resolved": "https://repo.dev.wixpress.com/artifactory/api/npm/npm-repos/react-dom/-/react-dom-18.2.0.tgz",
      "integrity": "sha1-IqrzhwjbJnTtmtoiTKSqcI2CHj0=",
      "requires": {
        "loose-envify": "^1.1.0",
        "scheduler": "^0.23.0"
      }
    },
    "scheduler": {
      "version": "0.23.0",
      "resolved": "https://repo.dev.wixpress.com/artifactory/api/npm/npm-repos/scheduler/-/scheduler-0.23.0.tgz",
      "integrity": "sha1-uoBBr8PTDrIGpIe2s4QALk5h/f4=",
      "requires": {
        "loose-envify": "^1.1.0"
      }
    },
    "source-map-js": {
      "version": "1.0.2",
      "resolved": "https://repo.dev.wixpress.com/artifactory/api/npm/npm-repos/source-map-js/-/source-map-js-1.0.2.tgz",
      "integrity": "sha1-rbw2HZxi3zgBJefxYfccgm8eSQw="
    },
    "styled-jsx": {
      "version": "5.0.4",
      "resolved": "https://repo.dev.wixpress.com/artifactory/api/npm/npm-repos/styled-jsx/-/styled-jsx-5.0.4.tgz",
      "integrity": "sha1-WxvQuatEyq490TYSlVWXBuBEqlM=",
      "requires": {}
    },
    "tslib": {
      "version": "2.4.0",
      "resolved": "https://repo.dev.wixpress.com/artifactory/api/npm/npm-repos/tslib/-/tslib-2.4.0.tgz",
      "integrity": "sha1-fOyqfwc85oCgWEeqd76UEJjzbcM="
    },
    "use-sync-external-store": {
      "version": "1.2.0",
      "resolved": "https://repo.dev.wixpress.com/artifactory/api/npm/npm-repos/use-sync-external-store/-/use-sync-external-store-1.2.0.tgz",
      "integrity": "sha1-fb79bvP+TnZ6DPXXKHqs+1hGkoo=",
      "requires": {}
    }
  }
}
